{
  "name": "Mobile-Mines",
  "version": "1.0.0",
  "lockfileVersion": 1,
  "requires": true,
  "dependencies": {
    "long-press-event": {
      "version": "2.4.4",
      "resolved": "https://registry.npmjs.org/long-press-event/-/long-press-event-2.4.4.tgz",
      "integrity": "sha512-6ZtRiZJCLgxr6UdbyEtrBZgOdwqbFdhm6mDo4TtwC8lFuODe9tvUNNIhzpht1m9jHrDyzMfpVyKIzJAFnEUXtQ=="
    }
  }
}
